{
  "name": "express-stats",
  "version": "1.0.0",
  "lockfileVersion": 1,
  "requires": true,
  "dependencies": {
    "@types/node": {
      "version": "8.0.32",
      "resolved": "https://registry.npmjs.org/@types/node/-/node-8.0.32.tgz",
      "integrity": "sha512-n1zzgeQehndikZc/8N4rGSZc99cO6Tb3OInKzvWYniJsT/jet3m57buaBFa5cMeVNFosN4PKZ2LM1y16CFD7Rg==",
      "dev": true
    },
    "@types/uuid": {
      "version": "3.4.2",
      "resolved": "https://registry.npmjs.org/@types/uuid/-/uuid-3.4.2.tgz",
      "integrity": "sha512-fXrYo81BZgbz6KhHU3+dNUSdca35FwbfTMQvSnIIX6qOCsymSmFAjPDSfr4Q/Pt9abjt04kBi4+7FinVPdyEpg==",
      "dev": true,
      "requires": {
        "@types/node": "8.0.32"
      }
    },
    "typescript": {
      "version": "2.5.3",
      "resolved": "https://registry.npmjs.org/typescript/-/typescript-2.5.3.tgz",
      "integrity": "sha512-ptLSQs2S4QuS6/OD1eAKG+S5G8QQtrU5RT32JULdZQtM1L3WTi34Wsu48Yndzi8xsObRAB9RPt/KhA9wlpEF6w==",
      "dev": true
    },
    "uuid": {
      "version": "3.1.0",
      "resolved": "https://registry.npmjs.org/uuid/-/uuid-3.1.0.tgz",
      "integrity": "sha512-DIWtzUkw04M4k3bf1IcpS2tngXEL26YUD2M0tMDUpnUrz2hgzUBlD55a4FjdLGPvfHxS6uluGWvaVEqgBcVa+g=="
    }
  }
}
